
Microsoft Visual Studio Solution File, Format Version 12.00
Project("{FAE04EC0-301F-11D3-BF4B-00C04F79EFBC}") = "Awg-easy", "Awg-easy.csproj", "{EA970226-0763-42AC-8878-FA66CA3C7A2D}"
EndProject
Project("{2150E333-8FDC-42A3-9474-1A3956D46DE8}") = "Solution Items", "Solution Items", "{B6424A5C-7661-4EFD-B751-04EF8634F771}"
	ProjectSection(SolutionItems) = preProject
		compose.yaml = compose.yaml
	EndProjectSection
EndProject
Project("{2150E333-8FDC-42A3-9474-1A3956D46DE8}") = "src", "src", "{827E0CD3-B72D-47B6-A68D-7590B98EB39B}"
EndProject
Project("{FAE04EC0-301F-11D3-BF4B-00C04F79EFBC}") = "AwgEasy.Contracts", "src\AwgEasy.Contracts\AwgEasy.Contracts.csproj", "{D4F00CCA-E5D9-4F16-ABF0-9B6027964109}"
EndProject
Project("{FAE04EC0-301F-11D3-BF4B-00C04F79EFBC}") = "AwgEasy.Node", "src\AwgEasy.Node\AwgEasy.Node.csproj", "{050CEC6D-D5B9-40AF-91D2-655CA7581D89}"
EndProject
Project("{2150E333-8FDC-42A3-9474-1A3956D46DE8}") = "tests", "tests", "{0AB3BF05-4346-4AA6-1389-037BE0695223}"
EndProject
Project("{FAE04EC0-301F-11D3-BF4B-00C04F79EFBC}") = "AwgEasy.Tests", "tests\AwgEasy.Tests\AwgEasy.Tests.csproj", "{957245FE-3888-4CF3-B244-D8156C0A5F1D}"
EndProject
Project("{FAE04EC0-301F-11D3-BF4B-00C04F79EFBC}") = "AwgEasy.Control", "src\AwgEasy.Control\AwgEasy.Control.csproj", "{CD6B80D4-0CA2-4554-A8BE-7C36A581ECFC}"
EndProject
Global
	GlobalSection(SolutionConfigurationPlatforms) = preSolution
		Debug|Any CPU = Debug|Any CPU
		Debug|x64 = Debug|x64
		Debug|x86 = Debug|x86
		Release|Any CPU = Release|Any CPU
		Release|x64 = Release|x64
		Release|x86 = Release|x86
	EndGlobalSection
	GlobalSection(ProjectConfigurationPlatforms) = postSolution
		{EA970226-0763-42AC-8878-FA66CA3C7A2D}.Debug|Any CPU.ActiveCfg = Debug|Any CPU
		{EA970226-0763-42AC-8878-FA66CA3C7A2D}.Debug|Any CPU.Build.0 = Debug|Any CPU
		{EA970226-0763-42AC-8878-FA66CA3C7A2D}.Debug|x64.ActiveCfg = Debug|Any CPU
		{EA970226-0763-42AC-8878-FA66CA3C7A2D}.Debug|x64.Build.0 = Debug|Any CPU
		{EA970226-0763-42AC-8878-FA66CA3C7A2D}.Debug|x86.ActiveCfg = Debug|Any CPU
		{EA970226-0763-42AC-8878-FA66CA3C7A2D}.Debug|x86.Build.0 = Debug|Any CPU
		{EA970226-0763-42AC-8878-FA66CA3C7A2D}.Release|Any CPU.ActiveCfg = Release|Any CPU
		{EA970226-0763-42AC-8878-FA66CA3C7A2D}.Release|Any CPU.Build.0 = Release|Any CPU
		{EA970226-0763-42AC-8878-FA66CA3C7A2D}.Release|x64.ActiveCfg = Release|Any CPU
		{EA970226-0763-42AC-8878-FA66CA3C7A2D}.Release|x64.Build.0 = Release|Any CPU
		{EA970226-0763-42AC-8878-FA66CA3C7A2D}.Release|x86.ActiveCfg = Release|Any CPU
		{EA970226-0763-42AC-8878-FA66CA3C7A2D}.Release|x86.Build.0 = Release|Any CPU
		{D4F00CCA-E5D9-4F16-ABF0-9B6027964109}.Debug|Any CPU.ActiveCfg = Debug|Any CPU
		{D4F00CCA-E5D9-4F16-ABF0-9B6027964109}.Debug|Any CPU.Build.0 = Debug|Any CPU
		{D4F00CCA-E5D9-4F16-ABF0-9B6027964109}.Debug|x64.ActiveCfg = Debug|Any CPU
		{D4F00CCA-E5D9-4F16-ABF0-9B6027964109}.Debug|x64.Build.0 = Debug|Any CPU
		{D4F00CCA-E5D9-4F16-ABF0-9B6027964109}.Debug|x86.ActiveCfg = Debug|Any CPU
		{D4F00CCA-E5D9-4F16-ABF0-9B6027964109}.Debug|x86.Build.0 = Debug|Any CPU
		{D4F00CCA-E5D9-4F16-ABF0-9B6027964109}.Release|Any CPU.ActiveCfg = Release|Any CPU
		{D4F00CCA-E5D9-4F16-ABF0-9B6027964109}.Release|Any CPU.Build.0 = Release|Any CPU
		{D4F00CCA-E5D9-4F16-ABF0-9B6027964109}.Release|x64.ActiveCfg = Release|Any CPU
		{D4F00CCA-E5D9-4F16-ABF0-9B6027964109}.Release|x64.Build.0 = Release|Any CPU
		{D4F00CCA-E5D9-4F16-ABF0-9B6027964109}.Release|x86.ActiveCfg = Release|Any CPU
		{D4F00CCA-E5D9-4F16-ABF0-9B6027964109}.Release|x86.Build.0 = Release|Any CPU
		{050CEC6D-D5B9-40AF-91D2-655CA7581D89}.Debug|Any CPU.ActiveCfg = Debug|Any CPU
		{050CEC6D-D5B9-40AF-91D2-655CA7581D89}.Debug|Any CPU.Build.0 = Debug|Any CPU
		{050CEC6D-D5B9-40AF-91D2-655CA7581D89}.Debug|x64.ActiveCfg = Debug|Any CPU
		{050CEC6D-D5B9-40AF-91D2-655CA7581D89}.Debug|x64.Build.0 = Debug|Any CPU
		{050CEC6D-D5B9-40AF-91D2-655CA7581D89}.Debug|x86.ActiveCfg = Debug|Any CPU
		{050CEC6D-D5B9-40AF-91D2-655CA7581D89}.Debug|x86.Build.0 = Debug|Any CPU
		{050CEC6D-D5B9-40AF-91D2-655CA7581D89}.Release|Any CPU.ActiveCfg = Release|Any CPU
		{050CEC6D-D5B9-40AF-91D2-655CA7581D89}.Release|Any CPU.Build.0 = Release|Any CPU
		{050CEC6D-D5B9-40AF-91D2-655CA7581D89}.Release|x64.ActiveCfg = Release|Any CPU
		{050CEC6D-D5B9-40AF-91D2-655CA7581D89}.Release|x64.Build.0 = Release|Any CPU
		{050CEC6D-D5B9-40AF-91D2-655CA7581D89}.Release|x86.ActiveCfg = Release|Any CPU
		{050CEC6D-D5B9-40AF-91D2-655CA7581D89}.Release|x86.Build.0 = Release|Any CPU
		{957245FE-3888-4CF3-B244-D8156C0A5F1D}.Debug|Any CPU.ActiveCfg = Debug|Any CPU
		{957245FE-3888-4CF3-B244-D8156C0A5F1D}.Debug|Any CPU.Build.0 = Debug|Any CPU
		{957245FE-3888-4CF3-B244-D8156C0A5F1D}.Debug|x64.ActiveCfg = Debug|Any CPU
		{957245FE-3888-4CF3-B244-D8156C0A5F1D}.Debug|x64.Build.0 = Debug|Any CPU
		{957245FE-3888-4CF3-B244-D8156C0A5F1D}.Debug|x86.ActiveCfg = Debug|Any CPU
		{957245FE-3888-4CF3-B244-D8156C0A5F1D}.Debug|x86.Build.0 = Debug|Any CPU
		{957245FE-3888-4CF3-B244-D8156C0A5F1D}.Release|Any CPU.ActiveCfg = Release|Any CPU
		{957245FE-3888-4CF3-B244-D8156C0A5F1D}.Release|Any CPU.Build.0 = Release|Any CPU
		{957245FE-3888-4CF3-B244-D8156C0A5F1D}.Release|x64.ActiveCfg = Release|Any CPU
		{957245FE-3888-4CF3-B244-D8156C0A5F1D}.Release|x64.Build.0 = Release|Any CPU
		{957245FE-3888-4CF3-B244-D8156C0A5F1D}.Release|x86.ActiveCfg = Release|Any CPU
		{957245FE-3888-4CF3-B244-D8156C0A5F1D}.Release|x86.Build.0 = Release|Any CPU
		{CD6B80D4-0CA2-4554-A8BE-7C36A581ECFC}.Debug|Any CPU.ActiveCfg = Debug|Any CPU
		{CD6B80D4-0CA2-4554-A8BE-7C36A581ECFC}.Debug|Any CPU.Build.0 = Debug|Any CPU
		{CD6B80D4-0CA2-4554-A8BE-7C36A581ECFC}.Debug|x64.ActiveCfg = Debug|Any CPU
		{CD6B80D4-0CA2-4554-A8BE-7C36A581ECFC}.Debug|x64.Build.0 = Debug|Any CPU
		{CD6B80D4-0CA2-4554-A8BE-7C36A581ECFC}.Debug|x86.ActiveCfg = Debug|Any CPU
		{CD6B80D4-0CA2-4554-A8BE-7C36A581ECFC}.Debug|x86.Build.0 = Debug|Any CPU
		{CD6B80D4-0CA2-4554-A8BE-7C36A581ECFC}.Release|Any CPU.ActiveCfg = Release|Any CPU
		{CD6B80D4-0CA2-4554-A8BE-7C36A581ECFC}.Release|Any CPU.Build.0 = Release|Any CPU
		{CD6B80D4-0CA2-4554-A8BE-7C36A581ECFC}.Release|x64.ActiveCfg = Release|Any CPU
		{CD6B80D4-0CA2-4554-A8BE-7C36A581ECFC}.Release|x64.Build.0 = Release|Any CPU
		{CD6B80D4-0CA2-4554-A8BE-7C36A581ECFC}.Release|x86.ActiveCfg = Release|Any CPU
		{CD6B80D4-0CA2-4554-A8BE-7C36A581ECFC}.Release|x86.Build.0 = Release|Any CPU
	EndGlobalSection
	GlobalSection(SolutionProperties) = preSolution
		HideSolutionNode = FALSE
	EndGlobalSection
	GlobalSection(NestedProjects) = preSolution
		{D4F00CCA-E5D9-4F16-ABF0-9B6027964109} = {827E0CD3-B72D-47B6-A68D-7590B98EB39B}
		{050CEC6D-D5B9-40AF-91D2-655CA7581D89} = {827E0CD3-B72D-47B6-A68D-7590B98EB39B}
		{957245FE-3888-4CF3-B244-D8156C0A5F1D} = {0AB3BF05-4346-4AA6-1389-037BE0695223}
		{CD6B80D4-0CA2-4554-A8BE-7C36A581ECFC} = {827E0CD3-B72D-47B6-A68D-7590B98EB39B}
	EndGlobalSection
EndGlobal
